// !$*UTF8*$!
{
	archiveVersion = 1;
	classes = {
	};
	objectVersion = 55;
	objects = {

/* Begin PBXBuildFile section */
		0EFF9E0128CE61C600C42A84 /* AppDelegate.swift in Sources */ = {isa = PBXBuildFile; fileRef = 0EFF9E0028CE61C600C42A84 /* AppDelegate.swift */; };
		0EFF9E0328CE61C600C42A84 /* SceneDelegate.swift in Sources */ = {isa = PBXBuildFile; fileRef = 0EFF9E0228CE61C600C42A84 /* SceneDelegate.swift */; };
		0EFF9E0528CE61C600C42A84 /* ViewController.swift in Sources */ = {isa = PBXBuildFile; fileRef = 0EFF9E0428CE61C600C42A84 /* ViewController.swift */; };
		0EFF9E0828CE61C600C42A84 /* Main.storyboard in Resources */ = {isa = PBXBuildFile; fileRef = 0EFF9E0628CE61C600C42A84 /* Main.storyboard */; };
		0EFF9E0A28CE61C700C42A84 /* Assets.xcassets in Resources */ = {isa = PBXBuildFile; fileRef = 0EFF9E0928CE61C700C42A84 /* Assets.xcassets */; };
		0EFF9E0D28CE61C700C42A84 /* LaunchScreen.storyboard in Resources */ = {isa = PBXBuildFile; fileRef = 0EFF9E0B28CE61C700C42A84 /* LaunchScreen.storyboard */; };
		0EFF9E1828CE61C700C42A84 /* iOS_learningTests.swift in Sources */ = {isa = PBXBuildFile; fileRef = 0EFF9E1728CE61C700C42A84 /* iOS_learningTests.swift */; };
		0EFF9E2228CE61C700C42A84 /* iOS_learningUITests.swift in Sources */ = {isa = PBXBuildFile; fileRef = 0EFF9E2128CE61C700C42A84 /* iOS_learningUITests.swift */; };
		0EFF9E2428CE61C700C42A84 /* iOS_learningUITestsLaunchTests.swift in Sources */ = {isa = PBXBuildFile; fileRef = 0EFF9E2328CE61C700C42A84 /* iOS_learningUITestsLaunchTests.swift */; };
/* End PBXBuildFile section */

/* Begin PBXContainerItemProxy section */
		0EFF9E1428CE61C700C42A84 /* PBXContainerItemProxy */ = {
			isa = PBXContainerItemProxy;
			containerPortal = 0EFF9DF528CE61C600C42A84 /* Project object */;
			proxyType = 1;
			remoteGlobalIDString = 0EFF9DFC28CE61C600C42A84;
			remoteInfo = iOS_learning;
		};
		0EFF9E1E28CE61C700C42A84 /* PBXContainerItemProxy */ = {
			isa = PBXContainerItemProxy;
			containerPortal = 0EFF9DF528CE61C600C42A84 /* Project object */;
			proxyType = 1;
			remoteGlobalIDString = 0EFF9DFC28CE61C600C42A84;
			remoteInfo = iOS_learning;
		};
/* End PBXContainerItemProxy section */

/* Begin PBXFileReference section */
		0EFF9DFD28CE61C600C42A84 /* iOS_learning.app */ = {isa = PBXFileReference; explicitFileType = wrapper.application; includeInIndex = 0; path = iOS_learning.app; sourceTree = BUILT_PRODUCTS_DIR; };
		0EFF9E0028CE61C600C42A84 /* AppDelegate.swift */ = {isa = PBXFileReference; lastKnownFileType = sourcecode.swift; path = AppDelegate.swift; sourceTree = "<group>"; };
		0EFF9E0228CE61C600C42A84 /* SceneDelegate.swift */ = {isa = PBXFileReference; lastKnownFileType = sourcecode.swift; path = SceneDelegate.swift; sourceTree = "<group>"; };
		0EFF9E0428CE61C600C42A84 /* ViewController.swift */ = {isa = PBXFileReference; lastKnownFileType = sourcecode.swift; path = ViewController.swift; sourceTree = "<group>"; };
		0EFF9E0728CE61C600C42A84 /* Base */ = {isa = PBXFileReference; lastKnownFileType = file.storyboard; name = Base; path = Base.lproj/Main.storyboard; sourceTree = "<group>"; };
		0EFF9E0928CE61C700C42A84 /* Assets.xcassets */ = {isa = PBXFileReference; lastKnownFileType = folder.assetcatalog; path = Assets.xcassets; sourceTree = "<group>"; };
		0EFF9E0C28CE61C700C42A84 /* Base */ = {isa = PBXFileReference; lastKnownFileType = file.storyboard; name = Base; path = Base.lproj/LaunchScreen.storyboard; sourceTree = "<group>"; };
		0EFF9E0E28CE61C700C42A84 /* Info.plist */ = {isa = PBXFileReference; lastKnownFileType = text.plist.xml; path = Info.plist; sourceTree = "<group>"; };
		0EFF9E1328CE61C700C42A84 /* iOS_learningTests.xctest */ = {isa = PBXFileReference; explicitFileType = wrapper.cfbundle; includeInIndex = 0; path = iOS_learningTests.xctest; sourceTree = BUILT_PRODUCTS_DIR; };
		0EFF9E1728CE61C700C42A84 /* iOS_learningTests.swift */ = {isa = PBXFileReference; lastKnownFileType = sourcecode.swift; path = iOS_learningTests.swift; sourceTree = "<group>"; };
		0EFF9E1D28CE61C700C42A84 /* iOS_learningUITests.xctest */ = {isa = PBXFileReference; explicitFileType = wrapper.cfbundle; includeInIndex = 0; path = iOS_learningUITests.xctest; sourceTree = BUILT_PRODUCTS_DIR; };
		0EFF9E2128CE61C700C42A84 /* iOS_learningUITests.swift */ = {isa = PBXFileReference; lastKnownFileType = sourcecode.swift; path = iOS_learningUITests.swift; sourceTree = "<group>"; };
		0EFF9E2328CE61C700C42A84 /* iOS_learningUITestsLaunchTests.swift */ = {isa = PBXFileReference; lastKnownFileType = sourcecode.swift; path = iOS_learningUITestsLaunchTests.swift; sourceTree = "<group>"; };
/* End PBXFileReference section */

/* Begin PBXFrameworksBuildPhase section */
		0EFF9DFA28CE61C600C42A84 /* Frameworks */ = {
			isa = PBXFrameworksBuildPhase;
			buildActionMask = 2147483647;
			files = (
			);
			runOnlyForDeploymentPostprocessing = 0;
		};
		0EFF9E1028CE61C700C42A84 /* Frameworks */ = {
			isa = PBXFrameworksBuildPhase;
			buildActionMask = 2147483647;
			files = (
			);
			runOnlyForDeploymentPostprocessing = 0;
		};
		0EFF9E1A28CE61C700C42A84 /* Frameworks */ = {
			isa = PBXFrameworksBuildPhase;
			buildActionMask = 2147483647;
			files = (
			);
			runOnlyForDeploymentPostprocessing = 0;
		};
/* End PBXFrameworksBuildPhase section */

/* Begin PBXGroup section */
		0EFF9DF428CE61C600C42A84 = {
			isa = PBXGroup;
			children = (
				0EFF9DFF28CE61C600C42A84 /* iOS_learning */,
				0EFF9E1628CE61C700C42A84 /* iOS_learningTests */,
				0EFF9E2028CE61C700C42A84 /* iOS_learningUITests */,
				0EFF9DFE28CE61C600C42A84 /* Products */,
			);
			sourceTree = "<group>";
		};
		0EFF9DFE28CE61C600C42A84 /* Products */ = {
			isa = PBXGroup;
			children = (
				0EFF9DFD28CE61C600C42A84 /* iOS_learning.app */,
				0EFF9E1328CE61C700C42A84 /* iOS_learningTests.xctest */,
				0EFF9E1D28CE61C700C42A84 /* iOS_learningUITests.xctest */,
			);
			name = Products;
			sourceTree = "<group>";
		};
		0EFF9DFF28CE61C600C42A84 /* iOS_learning */ = {
			isa = PBXGroup;
			children = (
				0EFF9E0028CE61C600C42A84 /* AppDelegate.swift */,
				0EFF9E0228CE61C600C42A84 /* SceneDelegate.swift */,
				0EFF9E0428CE61C600C42A84 /* ViewController.swift */,
				0EFF9E0628CE61C600C42A84 /* Main.storyboard */,
				0EFF9E0928CE61C700C42A84 /* Assets.xcassets */,
				0EFF9E0B28CE61C700C42A84 /* LaunchScreen.storyboard */,
				0EFF9E0E28CE61C700C42A84 /* Info.plist */,
			);
			path = iOS_learning;
			sourceTree = "<group>";
		};
		0EFF9E1628CE61C700C42A84 /* iOS_learningTests */ = {
			isa = PBXGroup;
			children = (
				0EFF9E1728CE61C700C42A84 /* iOS_learningTests.swift */,
			);
			path = iOS_learningTests;
			sourceTree = "<group>";
		};
		0EFF9E2028CE61C700C42A84 /* iOS_learningUITests */ = {
			isa = PBXGroup;
			children = (
				0EFF9E2128CE61C700C42A84 /* iOS_learningUITests.swift */,
				0EFF9E2328CE61C700C42A84 /* iOS_learningUITestsLaunchTests.swift */,
			);
			path = iOS_learningUITests;
			sourceTree = "<group>";
		};
/* End PBXGroup section */

/* Begin PBXNativeTarget section */
		0EFF9DFC28CE61C600C42A84 /* iOS_learning */ = {
			isa = PBXNativeTarget;
			buildConfigurationList = 0EFF9E2728CE61C700C42A84 /* Build configuration list for PBXNativeTarget "iOS_learning" */;
			buildPhases = (
				0EFF9DF928CE61C600C42A84 /* Sources */,
				0EFF9DFA28CE61C600C42A84 /* Frameworks */,
				0EFF9DFB28CE61C600C42A84 /* Resources */,
			);
			buildRules = (
			);
			dependencies = (
			);
			name = iOS_learning;
			productName = iOS_learning;
			productReference = 0EFF9DFD28CE61C600C42A84 /* iOS_learning.app */;
			productType = "com.apple.product-type.application";
		};
		0EFF9E1228CE61C700C42A84 /* iOS_learningTests */ = {
			isa = PBXNativeTarget;
			buildConfigurationList = 0EFF9E2A28CE61C700C42A84 /* Build configuration list for PBXNativeTarget "iOS_learningTests" */;
			buildPhases = (
				0EFF9E0F28CE61C700C42A84 /* Sources */,
				0EFF9E1028CE61C700C42A84 /* Frameworks */,
				0EFF9E1128CE61C700C42A84 /* Resources */,
			);
			buildRules = (
			);
			dependencies = (
				0EFF9E1528CE61C700C42A84 /* PBXTargetDependency */,
			);
			name = iOS_learningTests;
			productName = iOS_learningTests;
			productReference = 0EFF9E1328CE61C700C42A84 /* iOS_learningTests.xctest */;
			productType = "com.apple.product-type.bundle.unit-test";
		};
		0EFF9E1C28CE61C700C42A84 /* iOS_learningUITests */ = {
			isa = PBXNativeTarget;
			buildConfigurationList = 0EFF9E2D28CE61C700C42A84 /* Build configuration list for PBXNativeTarget "iOS_learningUITests" */;
			buildPhases = (
				0EFF9E1928CE61C700C42A84 /* Sources */,
				0EFF9E1A28CE61C700C42A84 /* Frameworks */,
				0EFF9E1B28CE61C700C42A84 /* Resources */,
			);
			buildRules = (
			);
			dependencies = (
				0EFF9E1F28CE61C700C42A84 /* PBXTargetDependency */,
			);
			name = iOS_learningUITests;
			productName = iOS_learningUITests;
			productReference = 0EFF9E1D28CE61C700C42A84 /* iOS_learningUITests.xctest */;
			productType = "com.apple.product-type.bundle.ui-testing";
		};
/* End PBXNativeTarget section */

/* Begin PBXProject section */
		0EFF9DF528CE61C600C42A84 /* Project object */ = {
			isa = PBXProject;
			attributes = {
				BuildIndependentTargetsInParallel = 1;
				LastSwiftUpdateCheck = 1340;
				LastUpgradeCheck = 1340;
				TargetAttributes = {
					0EFF9DFC28CE61C600C42A84 = {
						CreatedOnToolsVersion = 13.4.1;
					};
					0EFF9E1228CE61C700C42A84 = {
						CreatedOnToolsVersion = 13.4.1;
						TestTargetID = 0EFF9DFC28CE61C600C42A84;
					};
					0EFF9E1C28CE61C700C42A84 = {
						CreatedOnToolsVersion = 13.4.1;
						TestTargetID = 0EFF9DFC28CE61C600C42A84;
					};
				};
			};
			buildConfigurationList = 0EFF9DF828CE61C600C42A84 /* Build configuration list for PBXProject "iOS_learning" */;
			compatibilityVersion = "Xcode 13.0";
			developmentRegion = en;
			hasScannedForEncodings = 0;
			knownRegions = (
				en,
				Base,
			);
			mainGroup = 0EFF9DF428CE61C600C42A84;
			productRefGroup = 0EFF9DFE28CE61C600C42A84 /* Products */;
			projectDirPath = "";
			projectRoot = "";
			targets = (
				0EFF9DFC28CE61C600C42A84 /* iOS_learning */,
				0EFF9E1228CE61C700C42A84 /* iOS_learningTests */,
				0EFF9E1C28CE61C700C42A84 /* iOS_learningUITests */,
			);
		};
/* End PBXProject section */

/* Begin PBXResourcesBuildPhase section */
		0EFF9DFB28CE61C600C42A84 /* Resources */ = {
			isa = PBXResourcesBuildPhase;
			buildActionMask = 2147483647;
			files = (
				0EFF9E0D28CE61C700C42A84 /* LaunchScreen.storyboard in Resources */,
				0EFF9E0A28CE61C700C42A84 /* Assets.xcassets in Resources */,
				0EFF9E0828CE61C600C42A84 /* Main.storyboard in Resources */,
			);
			runOnlyForDeploymentPostprocessing = 0;
		};
		0EFF9E1128CE61C700C42A84 /* Resources */ = {
			isa = PBXResourcesBuildPhase;
			buildActionMask = 2147483647;
			files = (
			);
			runOnlyForDeploymentPostprocessing = 0;
		};
		0EFF9E1B28CE61C700C42A84 /* Resources */ = {
			isa = PBXResourcesBuildPhase;
			buildActionMask = 2147483647;
			files = (
			);
			runOnlyForDeploymentPostprocessing = 0;
		};
/* End PBXResourcesBuildPhase section */

/* Begin PBXSourcesBuildPhase section */
		0EFF9DF928CE61C600C42A84 /* Sources */ = {
			isa = PBXSourcesBuildPhase;
			buildActionMask = 2147483647;
			files = (
				0EFF9E0528CE61C600C42A84 /* ViewController.swift in Sources */,
				0EFF9E0128CE61C600C42A84 /* AppDelegate.swift in Sources */,
				0EFF9E0328CE61C600C42A84 /* SceneDelegate.swift in Sources */,
			);
			runOnlyForDeploymentPostprocessing = 0;
		};
		0EFF9E0F28CE61C700C42A84 /* Sources */ = {
			isa = PBXSourcesBuildPhase;
			buildActionMask = 2147483647;
			files = (
				0EFF9E1828CE61C700C42A84 /* iOS_learningTests.swift in Sources */,
			);
			runOnlyForDeploymentPostprocessing = 0;
		};
		0EFF9E1928CE61C700C42A84 /* Sources */ = {
			isa = PBXSourcesBuildPhase;
			buildActionMask = 2147483647;
			files = (
				0EFF9E2428CE61C700C42A84 /* iOS_learningUITestsLaunchTests.swift in Sources */,
				0EFF9E2228CE61C700C42A84 /* iOS_learningUITests.swift in Sources */,
			);
			runOnlyForDeploymentPostprocessing = 0;
		};
/* End PBXSourcesBuildPhase section */

/* Begin PBXTargetDependency section */
		0EFF9E1528CE61C700C42A84 /* PBXTargetDependency */ = {
			isa = PBXTargetDependency;
			target = 0EFF9DFC28CE61C600C42A84 /* iOS_learning */;
			targetProxy = 0EFF9E1428CE61C700C42A84 /* PBXContainerItemProxy */;
		};
		0EFF9E1F28CE61C700C42A84 /* PBXTargetDependency */ = {
			isa = PBXTargetDependency;
			target = 0EFF9DFC28CE61C600C42A84 /* iOS_learning */;
			targetProxy = 0EFF9E1E28CE61C700C42A84 /* PBXContainerItemProxy */;
		};
/* End PBXTargetDependency section */

/* Begin PBXVariantGroup section */
		0EFF9E0628CE61C600C42A84 /* Main.storyboard */ = {
			isa = PBXVariantGroup;
			children = (
				0EFF9E0728CE61C600C42A84 /* Base */,
			);
			name = Main.storyboard;
			sourceTree = "<group>";
		};
		0EFF9E0B28CE61C700C42A84 /* LaunchScreen.storyboard */ = {
			isa = PBXVariantGroup;
			children = (
				0EFF9E0C28CE61C700C42A84 /* Base */,
			);
			name = LaunchScreen.storyboard;
			sourceTree = "<group>";
		};
/* End PBXVariantGroup section */

/* Begin XCBuildConfiguration section */
		0EFF9E2528CE61C700C42A84 /* Debug */ = {
			isa = XCBuildConfiguration;
			buildSettings = {
				ALWAYS_SEARCH_USER_PATHS = NO;
				CLANG_ANALYZER_NONNULL = YES;
				CLANG_ANALYZER_NUMBER_OBJECT_CONVERSION = YES_AGGRESSIVE;
				CLANG_CXX_LANGUAGE_STANDARD = "gnu++17";
				CLANG_ENABLE_MODULES = YES;
				CLANG_ENABLE_OBJC_ARC = YES;
				CLANG_ENABLE_OBJC_WEAK = YES;
				CLANG_WARN_BLOCK_CAPTURE_AUTORELEASING = YES;
				CLANG_WARN_BOOL_CONVERSION = YES;
				CLANG_WARN_COMMA = YES;
				CLANG_WARN_CONSTANT_CONVERSION = YES;
				CLANG_WARN_DEPRECATED_OBJC_IMPLEMENTATIONS = YES;
				CLANG_WARN_DIRECT_OBJC_ISA_USAGE = YES_ERROR;
				CLANG_WARN_DOCUMENTATION_COMMENTS = YES;
				CLANG_WARN_EMPTY_BODY = YES;
				CLANG_WARN_ENUM_CONVERSION = YES;
				CLANG_WARN_INFINITE_RECURSION = YES;
				CLANG_WARN_INT_CONVERSION = YES;
				CLANG_WARN_NON_LITERAL_NULL_CONVERSION = YES;
				CLANG_WARN_OBJC_IMPLICIT_RETAIN_SELF = YES;
				CLANG_WARN_OBJC_LITERAL_CONVERSION = YES;
				CLANG_WARN_OBJC_ROOT_CLASS = YES_ERROR;
				CLANG_WARN_QUOTED_INCLUDE_IN_FRAMEWORK_HEADER = YES;
				CLANG_WARN_RANGE_LOOP_ANALYSIS = YES;
				CLANG_WARN_STRICT_PROTOTYPES = YES;
				CLANG_WARN_SUSPICIOUS_MOVE = YES;
				CLANG_WARN_UNGUARDED_AVAILABILITY = YES_AGGRESSIVE;
				CLANG_WARN_UNREACHABLE_CODE = YES;
				CLANG_WARN__DUPLICATE_METHOD_MATCH = YES;
				COPY_PHASE_STRIP = NO;
				DEBUG_INFORMATION_FORMAT = dwarf;
				ENABLE_STRICT_OBJC_MSGSEND = YES;
				ENABLE_TESTABILITY = YES;
				GCC_C_LANGUAGE_STANDARD = gnu11;
				GCC_DYNAMIC_NO_PIC = NO;
				GCC_NO_COMMON_BLOCKS = YES;
				GCC_OPTIMIZATION_LEVEL = 0;
				GCC_PREPROCESSOR_DEFINITIONS = (
					"DEBUG=1",
					"$(inherited)",
				);
				GCC_WARN_64_TO_32_BIT_CONVERSION = YES;
				GCC_WARN_ABOUT_RETURN_TYPE = YES_ERROR;
				GCC_WARN_UNDECLARED_SELECTOR = YES;
				GCC_WARN_UNINITIALIZED_AUTOS = YES_AGGRESSIVE;
				GCC_WARN_UNUSED_FUNCTION = YES;
				GCC_WARN_UNUSED_VARIABLE = YES;
				IPHONEOS_DEPLOYMENT_TARGET = 15.5;
				MTL_ENABLE_DEBUG_INFO = INCLUDE_SOURCE;
				MTL_FAST_MATH = YES;
				ONLY_ACTIVE_ARCH = YES;
				SDKROOT = iphoneos;
				SWIFT_ACTIVE_COMPILATION_CONDITIONS = DEBUG;
				SWIFT_OPTIMIZATION_LEVEL = "-Onone";
			};
			name = Debug;
		};
		0EFF9E2628CE61C700C42A84 /* Release */ = {
			isa = XCBuildConfiguration;
			buildSettings = {
				ALWAYS_SEARCH_USER_PATHS = NO;
				CLANG_ANALYZER_NONNULL = YES;
				CLANG_ANALYZER_NUMBER_OBJECT_CONVERSION = YES_AGGRESSIVE;
				CLANG_CXX_LANGUAGE_STANDARD = "gnu++17";
				CLANG_ENABLE_MODULES = YES;
				CLANG_ENABLE_OBJC_ARC = YES;
				CLANG_ENABLE_OBJC_WEAK = YES;
				CLANG_WARN_BLOCK_CAPTURE_AUTORELEASING = YES;
				CLANG_WARN_BOOL_CONVERSION = YES;
				CLANG_WARN_COMMA = YES;
				CLANG_WARN_CONSTANT_CONVERSION = YES;
				CLANG_WARN_DEPRECATED_OBJC_IMPLEMENTATIONS = YES;
				CLANG_WARN_DIRECT_OBJC_ISA_USAGE = YES_ERROR;
				CLANG_WARN_DOCUMENTATION_COMMENTS = YES;
				CLANG_WARN_EMPTY_BODY = YES;
				CLANG_WARN_ENUM_CONVERSION = YES;
				CLANG_WARN_INFINITE_RECURSION = YES;
				CLANG_WARN_INT_CONVERSION = YES;
				CLANG_WARN_NON_LITERAL_NULL_CONVERSION = YES;
				CLANG_WARN_OBJC_IMPLICIT_RETAIN_SELF = YES;
				CLANG_WARN_OBJC_LITERAL_CONVERSION = YES;
				CLANG_WARN_OBJC_ROOT_CLASS = YES_ERROR;
				CLANG_WARN_QUOTED_INCLUDE_IN_FRAMEWORK_HEADER = YES;
				CLANG_WARN_RANGE_LOOP_ANALYSIS = YES;
				CLANG_WARN_STRICT_PROTOTYPES = YES;
				CLANG_WARN_SUSPICIOUS_MOVE = YES;
				CLANG_WARN_UNGUARDED_AVAILABILITY = YES_AGGRESSIVE;
				CLANG_WARN_UNREACHABLE_CODE = YES;
				CLANG_WARN__DUPLICATE_METHOD_MATCH = YES;
				COPY_PHASE_STRIP = NO;
				DEBUG_INFORMATION_FORMAT = "dwarf-with-dsym";
				ENABLE_NS_ASSERTIONS = NO;
				ENABLE_STRICT_OBJC_MSGSEND = YES;
				GCC_C_LANGUAGE_STANDARD = gnu11;
				GCC_NO_COMMON_BLOCKS = YES;
				GCC_WARN_64_TO_32_BIT_CONVERSION = YES;
				GCC_WARN_ABOUT_RETURN_TYPE = YES_ERROR;
				GCC_WARN_UNDECLARED_SELECTOR = YES;
				GCC_WARN_UNINITIALIZED_AUTOS = YES_AGGRESSIVE;
				GCC_WARN_UNUSED_FUNCTION = YES;
				GCC_WARN_UNUSED_VARIABLE = YES;
				IPHONEOS_DEPLOYMENT_TARGET = 15.5;
				MTL_ENABLE_DEBUG_INFO = NO;
				MTL_FAST_MATH = YES;
				SDKROOT = iphoneos;
				SWIFT_COMPILATION_MODE = wholemodule;
				SWIFT_OPTIMIZATION_LEVEL = "-O";
				VALIDATE_PRODUCT = YES;
			};
			name = Release;
		};
		0EFF9E2828CE61C700C42A84 /* Debug */ = {
			isa = XCBuildConfiguration;
			buildSettings = {
				ASSETCATALOG_COMPILER_APPICON_NAME = AppIcon;
				ASSETCATALOG_COMPILER_GLOBAL_ACCENT_COLOR_NAME = AccentColor;
				CODE_SIGN_STYLE = Automatic;
				CURRENT_PROJECT_VERSION = 1;
				GENERATE_INFOPLIST_FILE = YES;
				INFOPLIST_FILE = iOS_learning/Info.plist;
				INFOPLIST_KEY_UIApplicationSupportsIndirectInputEvents = YES;
				INFOPLIST_KEY_UILaunchStoryboardName = LaunchScreen;
				INFOPLIST_KEY_UIMainStoryboardFile = Main;
				INFOPLIST_KEY_UISupportedInterfaceOrientations_iPad = "UIInterfaceOrientationPortrait UIInterfaceOrientationPortraitUpsideDown UIInterfaceOrientationLandscapeLeft UIInterfaceOrientationLandscapeRight";
				INFOPLIST_KEY_UISupportedInterfaceOrientations_iPhone = "UIInterfaceOrientationPortrait UIInterfaceOrientationLandscapeLeft UIInterfaceOrientationLandscapeRight";
				LD_RUNPATH_SEARCH_PATHS = (
					"$(inherited)",
					"@executable_path/Frameworks",
				);
				MARKETING_VERSION = 1.0;
				PRODUCT_BUNDLE_IDENTIFIER = "com.EmirhanSerin1.iOS-learning";
				PRODUCT_NAME = "$(TARGET_NAME)";
				SWIFT_EMIT_LOC_STRINGS = YES;
				SWIFT_VERSION = 5.0;
				TARGETED_DEVICE_FAMILY = "1,2";
			};
			name = Debug;
		};
		0EFF9E2928CE61C700C42A84 /* Release */ = {
			isa = XCBuildConfiguration;
			buildSettings = {
				ASSETCATALOG_COMPILER_APPICON_NAME = AppIcon;
				ASSETCATALOG_COMPILER_GLOBAL_ACCENT_COLOR_NAME = AccentColor;
				CODE_SIGN_STYLE = Automatic;
				CURRENT_PROJECT_VERSION = 1;
				GENERATE_INFOPLIST_FILE = YES;
				INFOPLIST_FILE = iOS_learning/Info.plist;
				INFOPLIST_KEY_UIApplicationSupportsIndirectInputEvents = YES;
				INFOPLIST_KEY_UILaunchStoryboardName = LaunchScreen;
				INFOPLIST_KEY_UIMainStoryboardFile = Main;
				INFOPLIST_KEY_UISupportedInterfaceOrientations_iPad = "UIInterfaceOrientationPortrait UIInterfaceOrientationPortraitUpsideDown UIInterfaceOrientationLandscapeLeft UIInterfaceOrientationLandscapeRight";
				INFOPLIST_KEY_UISupportedInterfaceOrientations_iPhone = "UIInterfaceOrientationPortrait UIInterfaceOrientationLandscapeLeft UIInterfaceOrientationLandscapeRight";
				LD_RUNPATH_SEARCH_PATHS = (
					"$(inherited)",
					"@executable_path/Frameworks",
				);
				MARKETING_VERSION = 1.0;
				PRODUCT_BUNDLE_IDENTIFIER = "com.EmirhanSerin1.iOS-learning";
				PRODUCT_NAME = "$(TARGET_NAME)";
				SWIFT_EMIT_LOC_STRINGS = YES;
				SWIFT_VERSION = 5.0;
				TARGETED_DEVICE_FAMILY = "1,2";
			};
			name = Release;
		};
		0EFF9E2B28CE61C700C42A84 /* Debug */ = {
			isa = XCBuildConfiguration;
			buildSettings = {
				ALWAYS_EMBED_SWIFT_STANDARD_LIBRARIES = YES;
				BUNDLE_LOADER = "$(TEST_HOST)";
				CODE_SIGN_STYLE = Automatic;
				CURRENT_PROJECT_VERSION = 1;
				GENERATE_INFOPLIST_FILE = YES;
				IPHONEOS_DEPLOYMENT_TARGET = 15.5;
				MARKETING_VERSION = 1.0;
				PRODUCT_BUNDLE_IDENTIFIER = "com.EmirhanSerin1.iOS-learningTests";
				PRODUCT_NAME = "$(TARGET_NAME)";
				SWIFT_EMIT_LOC_STRINGS = NO;
				SWIFT_VERSION = 5.0;
				TARGETED_DEVICE_FAMILY = "1,2";
				TEST_HOST = "$(BUILT_PRODUCTS_DIR)/iOS_learning.app/iOS_learning";
			};
			name = Debug;
		};
		0EFF9E2C28CE61C700C42A84 /* Release */ = {
			isa = XCBuildConfiguration;
			buildSettings = {
				ALWAYS_EMBED_SWIFT_STANDARD_LIBRARIES = YES;
				BUNDLE_LOADER = "$(TEST_HOST)";
				CODE_SIGN_STYLE = Automatic;
				CURRENT_PROJECT_VERSION = 1;
				GENERATE_INFOPLIST_FILE = YES;
				IPHONEOS_DEPLOYMENT_TARGET = 15.5;
				MARKETING_VERSION = 1.0;
				PRODUCT_BUNDLE_IDENTIFIER = "com.EmirhanSerin1.iOS-learningTests";
				PRODUCT_NAME = "$(TARGET_NAME)";
				SWIFT_EMIT_LOC_STRINGS = NO;
				SWIFT_VERSION = 5.0;
				TARGETED_DEVICE_FAMILY = "1,2";
				TEST_HOST = "$(BUILT_PRODUCTS_DIR)/iOS_learning.app/iOS_learning";
			};
			name = Release;
		};
		0EFF9E2E28CE61C700C42A84 /* Debug */ = {
			isa = XCBuildConfiguration;
			buildSettings = {
				ALWAYS_EMBED_SWIFT_STANDARD_LIBRARIES = YES;
				CODE_SIGN_STYLE = Automatic;
				CURRENT_PROJECT_VERSION = 1;
				GENERATE_INFOPLIST_FILE = YES;
				MARKETING_VERSION = 1.0;
				PRODUCT_BUNDLE_IDENTIFIER = "com.EmirhanSerin1.iOS-learningUITests";
				PRODUCT_NAME = "$(TARGET_NAME)";
				SWIFT_EMIT_LOC_STRINGS = NO;
				SWIFT_VERSION = 5.0;
				TARGETED_DEVICE_FAMILY = "1,2";
				TEST_TARGET_NAME = iOS_learning;
			};
			name = Debug;
		};
		0EFF9E2F28CE61C700C42A84 /* Release */ = {
			isa = XCBuildConfiguration;
			buildSettings = {
				ALWAYS_EMBED_SWIFT_STANDARD_LIBRARIES = YES;
				CODE_SIGN_STYLE = Automatic;
				CURRENT_PROJECT_VERSION = 1;
				GENERATE_INFOPLIST_FILE = YES;
				MARKETING_VERSION = 1.0;
				PRODUCT_BUNDLE_IDENTIFIER = "com.EmirhanSerin1.iOS-learningUITests";
				PRODUCT_NAME = "$(TARGET_NAME)";
				SWIFT_EMIT_LOC_STRINGS = NO;
				SWIFT_VERSION = 5.0;
				TARGETED_DEVICE_FAMILY = "1,2";
				TEST_TARGET_NAME = iOS_learning;
			};
			name = Release;
		};
/* End XCBuildConfiguration section */

/* Begin XCConfigurationList section */
		0EFF9DF828CE61C600C42A84 /* Build configuration list for PBXProject "iOS_learning" */ = {
			isa = XCConfigurationList;
			buildConfigurations = (
				0EFF9E2528CE61C700C42A84 /* Debug */,
				0EFF9E2628CE61C700C42A84 /* Release */,
			);
			defaultConfigurationIsVisible = 0;
			defaultConfigurationName = Release;
		};
		0EFF9E2728CE61C700C42A84 /* Build configuration list for PBXNativeTarget "iOS_learning" */ = {
			isa = XCConfigurationList;
			buildConfigurations = (
				0EFF9E2828CE61C700C42A84 /* Debug */,
				0EFF9E2928CE61C700C42A84 /* Release */,
			);
			defaultConfigurationIsVisible = 0;
			defaultConfigurationName = Release;
		};
		0EFF9E2A28CE61C700C42A84 /* Build configuration list for PBXNativeTarget "iOS_learningTests" */ = {
			isa = XCConfigurationList;
			buildConfigurations = (
				0EFF9E2B28CE61C700C42A84 /* Debug */,
				0EFF9E2C28CE61C700C42A84 /* Release */,
			);
			defaultConfigurationIsVisible = 0;
			defaultConfigurationName = Release;
		};
		0EFF9E2D28CE61C700C42A84 /* Build configuration list for PBXNativeTarget "iOS_learningUITests" */ = {
			isa = XCConfigurationList;
			buildConfigurations = (
				0EFF9E2E28CE61C700C42A84 /* Debug */,
				0EFF9E2F28CE61C700C42A84 /* Release */,
			);
			defaultConfigurationIsVisible = 0;
			defaultConfigurationName = Release;
		};
/* End XCConfigurationList section */
	};
	rootObject = 0EFF9DF528CE61C600C42A84 /* Project object */;
}
